
Microsoft Visual Studio Solution File, Format Version 12.00
# Visual Studio Version 17
VisualStudioVersion = 17.11.35303.130
MinimumVisualStudioVersion = 10.0.40219.1
Project("{9A19103F-16F7-4668-BE54-9A1E7A4F7556}") = "API_ComputerProject", "API_ComputerProject\API_ComputerProject.csproj", "{CCED4299-D7E0-416D-BF0B-FA9A4B88685D}"
EndProject
Project("{9A19103F-16F7-4668-BE54-9A1E7A4F7556}") = "ComputerSales.Domain", "ComputerSales.Domain\ComputerSales.Domain.csproj", "{5664C06A-5D15-4182-8851-54A092748B03}"
EndProject
Project("{9A19103F-16F7-4668-BE54-9A1E7A4F7556}") = "ComputerSales.Application", "ComputerSales.Application\ComputerSales.Application.csproj", "{5B920055-27E8-4F8F-80BC-7601E4DF555B}"
EndProject
Project("{9A19103F-16F7-4668-BE54-9A1E7A4F7556}") = "ComputerSales.Infrastructure", "ComputerSales.Infrastructure\ComputerSales.Infrastructure.csproj", "{00A95ADD-2E12-456B-A60D-75F48EF01242}"
	ProjectSection(ProjectDependencies) = postProject
		{5664C06A-5D15-4182-8851-54A092748B03} = {5664C06A-5D15-4182-8851-54A092748B03}
	EndProjectSection
EndProject
Project("{FAE04EC0-301F-11D3-BF4B-00C04F79EFBC}") = "ComputerSalesProject_MVC", "ComputerSalesProject_MVC\ComputerSalesProject_MVC.csproj", "{C2770932-E54D-42E1-A8BF-6F88FE6B1AE4}"
EndProject
Global
	GlobalSection(SolutionConfigurationPlatforms) = preSolution
		Debug|Any CPU = Debug|Any CPU
		Release|Any CPU = Release|Any CPU
	EndGlobalSection
	GlobalSection(ProjectConfigurationPlatforms) = postSolution
		{CCED4299-D7E0-416D-BF0B-FA9A4B88685D}.Debug|Any CPU.ActiveCfg = Debug|Any CPU
		{CCED4299-D7E0-416D-BF0B-FA9A4B88685D}.Debug|Any CPU.Build.0 = Debug|Any CPU
		{CCED4299-D7E0-416D-BF0B-FA9A4B88685D}.Release|Any CPU.ActiveCfg = Release|Any CPU
		{CCED4299-D7E0-416D-BF0B-FA9A4B88685D}.Release|Any CPU.Build.0 = Release|Any CPU
		{5664C06A-5D15-4182-8851-54A092748B03}.Debug|Any CPU.ActiveCfg = Debug|Any CPU
		{5664C06A-5D15-4182-8851-54A092748B03}.Debug|Any CPU.Build.0 = Debug|Any CPU
		{5664C06A-5D15-4182-8851-54A092748B03}.Release|Any CPU.ActiveCfg = Release|Any CPU
		{5664C06A-5D15-4182-8851-54A092748B03}.Release|Any CPU.Build.0 = Release|Any CPU
		{5B920055-27E8-4F8F-80BC-7601E4DF555B}.Debug|Any CPU.ActiveCfg = Debug|Any CPU
		{5B920055-27E8-4F8F-80BC-7601E4DF555B}.Debug|Any CPU.Build.0 = Debug|Any CPU
		{5B920055-27E8-4F8F-80BC-7601E4DF555B}.Release|Any CPU.ActiveCfg = Release|Any CPU
		{5B920055-27E8-4F8F-80BC-7601E4DF555B}.Release|Any CPU.Build.0 = Release|Any CPU
		{00A95ADD-2E12-456B-A60D-75F48EF01242}.Debug|Any CPU.ActiveCfg = Debug|Any CPU
		{00A95ADD-2E12-456B-A60D-75F48EF01242}.Debug|Any CPU.Build.0 = Debug|Any CPU
		{00A95ADD-2E12-456B-A60D-75F48EF01242}.Release|Any CPU.ActiveCfg = Release|Any CPU
		{00A95ADD-2E12-456B-A60D-75F48EF01242}.Release|Any CPU.Build.0 = Release|Any CPU
		{C2770932-E54D-42E1-A8BF-6F88FE6B1AE4}.Debug|Any CPU.ActiveCfg = Debug|Any CPU
		{C2770932-E54D-42E1-A8BF-6F88FE6B1AE4}.Debug|Any CPU.Build.0 = Debug|Any CPU
		{C2770932-E54D-42E1-A8BF-6F88FE6B1AE4}.Release|Any CPU.ActiveCfg = Release|Any CPU
		{C2770932-E54D-42E1-A8BF-6F88FE6B1AE4}.Release|Any CPU.Build.0 = Release|Any CPU
	EndGlobalSection
	GlobalSection(SolutionProperties) = preSolution
		HideSolutionNode = FALSE
	EndGlobalSection
	GlobalSection(ExtensibilityGlobals) = postSolution
		SolutionGuid = {CE8E3766-584D-4531-9810-AD0AE98DE8CD}
	EndGlobalSection
EndGlobal
